
Microsoft Visual Studio Solution File, Format Version 12.00
# Visual Studio Version 16
VisualStudioVersion = 16.0.29519.181
MinimumVisualStudioVersion = 10.0.40219.1
Project("{FAE04EC0-301F-11D3-BF4B-00C04F79EFBC}") = "PersonsInfo", "Persons\PersonsInfo.csproj", "{6229E39C-F8C9-4065-A0F6-BCD445E0CEF9}"
EndProject
Global
	GlobalSection(SolutionConfigurationPlatforms) = preSolution
		Debug|Any CPU = Debug|Any CPU
		Release|Any CPU = Release|Any CPU
	EndGlobalSection
	GlobalSection(ProjectConfigurationPlatforms) = postSolution
		{6229E39C-F8C9-4065-A0F6-BCD445E0CEF9}.Debug|Any CPU.ActiveCfg = Debug|Any CPU
		{6229E39C-F8C9-4065-A0F6-BCD445E0CEF9}.Debug|Any CPU.Build.0 = Debug|Any CPU
		{6229E39C-F8C9-4065-A0F6-BCD445E0CEF9}.Release|Any CPU.ActiveCfg = Release|Any CPU
		{6229E39C-F8C9-4065-A0F6-BCD445E0CEF9}.Release|Any CPU.Build.0 = Release|Any CPU
	EndGlobalSection
	GlobalSection(SolutionProperties) = preSolution
		HideSolutionNode = FALSE
	EndGlobalSection
	GlobalSection(ExtensibilityGlobals) = postSolution
		SolutionGuid = {F5897DC0-2F31-44CC-9150-139C34A90D2B}
	EndGlobalSection
EndGlobal
