
Microsoft Visual Studio Solution File, Format Version 12.00
# Visual Studio Version 16
VisualStudioVersion = 16.0.29613.14
MinimumVisualStudioVersion = 10.0.40219.1
Project("{FAE04EC0-301F-11D3-BF4B-00C04F79EFBC}") = "Farm", "InheritanceLab\Farm.csproj", "{FC472A75-640F-41BA-870B-B13CB86ACA24}"
EndProject
Project("{FAE04EC0-301F-11D3-BF4B-00C04F79EFBC}") = "CustomRandomList", "CustomRandomList\CustomRandomList.csproj", "{6BDBA0C3-43A7-4856-B50A-15F4937C4843}"
EndProject
Project("{FAE04EC0-301F-11D3-BF4B-00C04F79EFBC}") = "CustomStack", "CustomStack\CustomStack.csproj", "{5B3FDF5A-DE20-4C95-A0C9-4A8D8C34BE81}"
EndProject
Global
	GlobalSection(SolutionConfigurationPlatforms) = preSolution
		Debug|Any CPU = Debug|Any CPU
		Release|Any CPU = Release|Any CPU
	EndGlobalSection
	GlobalSection(ProjectConfigurationPlatforms) = postSolution
		{FC472A75-640F-41BA-870B-B13CB86ACA24}.Debug|Any CPU.ActiveCfg = Debug|Any CPU
		{FC472A75-640F-41BA-870B-B13CB86ACA24}.Debug|Any CPU.Build.0 = Debug|Any CPU
		{FC472A75-640F-41BA-870B-B13CB86ACA24}.Release|Any CPU.ActiveCfg = Release|Any CPU
		{FC472A75-640F-41BA-870B-B13CB86ACA24}.Release|Any CPU.Build.0 = Release|Any CPU
		{6BDBA0C3-43A7-4856-B50A-15F4937C4843}.Debug|Any CPU.ActiveCfg = Debug|Any CPU
		{6BDBA0C3-43A7-4856-B50A-15F4937C4843}.Debug|Any CPU.Build.0 = Debug|Any CPU
		{6BDBA0C3-43A7-4856-B50A-15F4937C4843}.Release|Any CPU.ActiveCfg = Release|Any CPU
		{6BDBA0C3-43A7-4856-B50A-15F4937C4843}.Release|Any CPU.Build.0 = Release|Any CPU
		{5B3FDF5A-DE20-4C95-A0C9-4A8D8C34BE81}.Debug|Any CPU.ActiveCfg = Debug|Any CPU
		{5B3FDF5A-DE20-4C95-A0C9-4A8D8C34BE81}.Debug|Any CPU.Build.0 = Debug|Any CPU
		{5B3FDF5A-DE20-4C95-A0C9-4A8D8C34BE81}.Release|Any CPU.ActiveCfg = Release|Any CPU
		{5B3FDF5A-DE20-4C95-A0C9-4A8D8C34BE81}.Release|Any CPU.Build.0 = Release|Any CPU
	EndGlobalSection
	GlobalSection(SolutionProperties) = preSolution
		HideSolutionNode = FALSE
	EndGlobalSection
	GlobalSection(ExtensibilityGlobals) = postSolution
		SolutionGuid = {0FC1DDC4-CA3A-421B-860F-8ABA7E0928FD}
	EndGlobalSection
EndGlobal
