
Microsoft Visual Studio Solution File, Format Version 12.00
# Visual Studio Version 16
VisualStudioVersion = 16.0.29613.14
MinimumVisualStudioVersion = 10.0.40219.1
Project("{FAE04EC0-301F-11D3-BF4B-00C04F79EFBC}") = "LoggerInfo", "ExercisesSOLID\LoggerInfo.csproj", "{C4A37DBB-3036-490C-A910-3ABD0AA11DAD}"
EndProject
Global
	GlobalSection(SolutionConfigurationPlatforms) = preSolution
		Debug|Any CPU = Debug|Any CPU
		Release|Any CPU = Release|Any CPU
	EndGlobalSection
	GlobalSection(ProjectConfigurationPlatforms) = postSolution
		{C4A37DBB-3036-490C-A910-3ABD0AA11DAD}.Debug|Any CPU.ActiveCfg = Debug|Any CPU
		{C4A37DBB-3036-490C-A910-3ABD0AA11DAD}.Debug|Any CPU.Build.0 = Debug|Any CPU
		{C4A37DBB-3036-490C-A910-3ABD0AA11DAD}.Release|Any CPU.ActiveCfg = Release|Any CPU
		{C4A37DBB-3036-490C-A910-3ABD0AA11DAD}.Release|Any CPU.Build.0 = Release|Any CPU
	EndGlobalSection
	GlobalSection(SolutionProperties) = preSolution
		HideSolutionNode = FALSE
	EndGlobalSection
	GlobalSection(ExtensibilityGlobals) = postSolution
		SolutionGuid = {0E4275C7-F12E-41DF-B750-D426768848B5}
	EndGlobalSection
EndGlobal
